schema: '2.0'
stages:
  data_ingestion:
    cmd: python src/cnnClassifier/pipeline/stage_01_data_ingestion.py
    deps:
    - path: config/config.yaml
      hash: md5
      md5: 607ec9e6c3088f18bdbcf3b8be66c805
      size: 588
    - path: src/cnnClassifier/pipeline/stage_01_data_ingestion.py
      hash: md5
      md5: 5aba68a6eee27f84db6229cb26eb36b0
      size: 882
    outs:
    - path: artifacts/data_ingestion/Chest-CT-Scan-data
      hash: md5
      md5: 749a06e72eec1ac573af65fddeb883f3.dir
      size: 151217963
      nfiles: 1051
  prepare_base_model:
    cmd: python src/cnnClassifier/pipeline/stage_02_prepare_base_model.py
    deps:
    - path: config/config.yaml
      hash: md5
      md5: 607ec9e6c3088f18bdbcf3b8be66c805
      size: 588
    - path: src/cnnClassifier/pipeline/stage_02_prepare_base_model.py
      hash: md5
      md5: 9b555aa923d0934b5f222a2c35c24f5f
      size: 967
    params:
      params.yaml:
        CLASSES: 2
        IMAGE_SIZE:
        - 224
        - 224
        - 3
        INCLUDE_TOP: false
        LEARNING_RATE: 0.01
        WEIGHTS: imagenet
    outs:
    - path: artifacts/prepare_base_model
      hash: md5
      md5: cb5f3f3223c0adbe0f69f499bd308dea.dir
      size: 118054560
      nfiles: 2
  training:
    cmd: python src/cnnClassifier/pipeline/stage_03_model_trainer.py
    deps:
    - path: artifacts/data_ingestion/Chest-CT-Scan-data
      hash: md5
      md5: 749a06e72eec1ac573af65fddeb883f3.dir
      size: 151217963
      nfiles: 1051
    - path: artifacts/prepare_base_model
      hash: md5
      md5: cb5f3f3223c0adbe0f69f499bd308dea.dir
      size: 118054560
      nfiles: 2
    - path: config/config.yaml
      hash: md5
      md5: 607ec9e6c3088f18bdbcf3b8be66c805
      size: 588
    - path: src/cnnClassifier/pipeline/stage_03_model_trainer.py
      hash: md5
      md5: 88e2c208c069a9b87f58c4bfa9df5258
      size: 894
    params:
      params.yaml:
        AUGMENTATION: true
        BATCH_SIZE: 16
        EPOCHS: 15
        IMAGE_SIZE:
        - 224
        - 224
        - 3
    outs:
    - path: artifacts/training/model.h5
      hash: md5
      md5: ad3bc2c857d6bcd87c63233ddc546b67
      size: 59337520
  evaluation:
    cmd: python src/cnnClassifier/pipeline/stage_04_model_evaluation.py
    deps:
    - path: artifacts/data_ingestion/Chest-CT-Scan-data
      hash: md5
      md5: 749a06e72eec1ac573af65fddeb883f3.dir
      size: 151217963
      nfiles: 1051
    - path: artifacts/training/model.h5
      hash: md5
      md5: ad3bc2c857d6bcd87c63233ddc546b67
      size: 59337520
    - path: config/config.yaml
      hash: md5
      md5: 607ec9e6c3088f18bdbcf3b8be66c805
      size: 588
    - path: src/cnnClassifier/pipeline/stage_04_model_evaluation.py
      hash: md5
      md5: 696a136bd6dab3443efc5eb5bc45adfb
      size: 976
    params:
      params.yaml:
        BATCH_SIZE: 16
        IMAGE_SIZE:
        - 224
        - 224
        - 3
    outs:
    - path: scores.json
      hash: md5
      md5: 7dd1feea75d86c8ffd6c56e3be8931e1
      size: 72
